Microsoft Visual Studio Solution File, Format Version 12.00
# Visual Studio Version 17
VisualStudioVersion = 17.5.2.0
MinimumVisualStudioVersion = 10.0.40219.1
Project("{FAE04EC0-301F-11D3-BF4B-00C04F79EFBC}") = "EventTicketSystem", "EventTicketSystem.csproj", "{D2DB937F-3CA2-CA6E-7E29-57AD85FF7927}"
EndProject
Global
	GlobalSection(SolutionConfigurationPlatforms) = preSolution
		Debug|Any CPU = Debug|Any CPU
		Release|Any CPU = Release|Any CPU
	EndGlobalSection
	GlobalSection(ProjectConfigurationPlatforms) = postSolution
		{D2DB937F-3CA2-CA6E-7E29-57AD85FF7927}.Debug|Any CPU.ActiveCfg = Debug|Any CPU
		{D2DB937F-3CA2-CA6E-7E29-57AD85FF7927}.Debug|Any CPU.Build.0 = Debug|Any CPU
		{D2DB937F-3CA2-CA6E-7E29-57AD85FF7927}.Release|Any CPU.ActiveCfg = Release|Any CPU
		{D2DB937F-3CA2-CA6E-7E29-57AD85FF7927}.Release|Any CPU.Build.0 = Release|Any CPU
	EndGlobalSection
	GlobalSection(SolutionProperties) = preSolution
		HideSolutionNode = FALSE
	EndGlobalSection
	GlobalSection(ExtensibilityGlobals) = postSolution
		SolutionGuid = {D5302268-1B06-4AE2-9582-ED79F2DEEC2F}
	EndGlobalSection
EndGlobal
